
Microsoft Visual Studio Solution File, Format Version 12.00
# Visual Studio Version 16
VisualStudioVersion = 16.0.30611.23
MinimumVisualStudioVersion = 10.0.40219.1
Project("{9A19103F-16F7-4668-BE54-9A1E7A4F7556}") = "VCD_Wave", "VCD_Wave\VCD_Wave.csproj", "{72D37A09-7CE2-4433-8F45-47C44189CBBA}"
EndProject
Global
	GlobalSection(SolutionConfigurationPlatforms) = preSolution
		Debug|Any CPU = Debug|Any CPU
		Release|Any CPU = Release|Any CPU
	EndGlobalSection
	GlobalSection(ProjectConfigurationPlatforms) = postSolution
		{72D37A09-7CE2-4433-8F45-47C44189CBBA}.Debug|Any CPU.ActiveCfg = Debug|Any CPU
		{72D37A09-7CE2-4433-8F45-47C44189CBBA}.Debug|Any CPU.Build.0 = Debug|Any CPU
		{72D37A09-7CE2-4433-8F45-47C44189CBBA}.Release|Any CPU.ActiveCfg = Release|Any CPU
		{72D37A09-7CE2-4433-8F45-47C44189CBBA}.Release|Any CPU.Build.0 = Release|Any CPU
	EndGlobalSection
	GlobalSection(SolutionProperties) = preSolution
		HideSolutionNode = FALSE
	EndGlobalSection
	GlobalSection(ExtensibilityGlobals) = postSolution
		SolutionGuid = {0A831C10-99BE-403D-BD9C-53056787E541}
	EndGlobalSection
EndGlobal
